
Microsoft Visual Studio Solution File, Format Version 12.00
# Visual Studio Version 17
VisualStudioVersion = 17.1.32328.378
MinimumVisualStudioVersion = 10.0.40219.1
Project("{FAE04EC0-301F-11D3-BF4B-00C04F79EFBC}") = "MoviesAPI", "MoviesAPI\MoviesAPI.csproj", "{1B69A330-A6EC-4092-9F2C-BE1BF61A100E}"
EndProject
Global
	GlobalSection(SolutionConfigurationPlatforms) = preSolution
		Debug|Any CPU = Debug|Any CPU
		Release|Any CPU = Release|Any CPU
	EndGlobalSection
	GlobalSection(ProjectConfigurationPlatforms) = postSolution
		{1B69A330-A6EC-4092-9F2C-BE1BF61A100E}.Debug|Any CPU.ActiveCfg = Debug|Any CPU
		{1B69A330-A6EC-4092-9F2C-BE1BF61A100E}.Debug|Any CPU.Build.0 = Debug|Any CPU
		{1B69A330-A6EC-4092-9F2C-BE1BF61A100E}.Release|Any CPU.ActiveCfg = Release|Any CPU
		{1B69A330-A6EC-4092-9F2C-BE1BF61A100E}.Release|Any CPU.Build.0 = Release|Any CPU
	EndGlobalSection
	GlobalSection(SolutionProperties) = preSolution
		HideSolutionNode = FALSE
	EndGlobalSection
	GlobalSection(ExtensibilityGlobals) = postSolution
		SolutionGuid = {5D7B6260-313D-490B-976E-34DF58B0BC8B}
	EndGlobalSection
EndGlobal
